
Microsoft Visual Studio Solution File, Format Version 12.00
# Visual Studio Version 17
VisualStudioVersion = 17.2.32630.192
MinimumVisualStudioVersion = 10.0.40219.1
Project("{9A19103F-16F7-4668-BE54-9A1E7A4F7556}") = "R5T.T0184.Construction", "R5T.T0184.Construction\R5T.T0184.Construction.csproj", "{4FE3DC70-96DA-4F37-AD6C-4EAA85AC468A}"
EndProject
Project("{9A19103F-16F7-4668-BE54-9A1E7A4F7556}") = "R5T.T0184", "R5T.T0184\R5T.T0184.csproj", "{EE9C924D-9BD0-45EA-94AC-0D4BDEE6FB78}"
EndProject
Global
	GlobalSection(SolutionConfigurationPlatforms) = preSolution
		Debug|Any CPU = Debug|Any CPU
		Release|Any CPU = Release|Any CPU
	EndGlobalSection
	GlobalSection(ProjectConfigurationPlatforms) = postSolution
		{4FE3DC70-96DA-4F37-AD6C-4EAA85AC468A}.Debug|Any CPU.ActiveCfg = Debug|Any CPU
		{4FE3DC70-96DA-4F37-AD6C-4EAA85AC468A}.Debug|Any CPU.Build.0 = Debug|Any CPU
		{4FE3DC70-96DA-4F37-AD6C-4EAA85AC468A}.Release|Any CPU.ActiveCfg = Release|Any CPU
		{4FE3DC70-96DA-4F37-AD6C-4EAA85AC468A}.Release|Any CPU.Build.0 = Release|Any CPU
		{EE9C924D-9BD0-45EA-94AC-0D4BDEE6FB78}.Debug|Any CPU.ActiveCfg = Debug|Any CPU
		{EE9C924D-9BD0-45EA-94AC-0D4BDEE6FB78}.Debug|Any CPU.Build.0 = Debug|Any CPU
		{EE9C924D-9BD0-45EA-94AC-0D4BDEE6FB78}.Release|Any CPU.ActiveCfg = Release|Any CPU
		{EE9C924D-9BD0-45EA-94AC-0D4BDEE6FB78}.Release|Any CPU.Build.0 = Release|Any CPU
	EndGlobalSection
	GlobalSection(SolutionProperties) = preSolution
		HideSolutionNode = FALSE
	EndGlobalSection
	GlobalSection(ExtensibilityGlobals) = postSolution
		SolutionGuid = {B396A9FA-ED7A-4C0A-8BF0-4EAEF96846AA}
	EndGlobalSection
EndGlobal
