
Microsoft Visual Studio Solution File, Format Version 12.00
# Visual Studio Version 17
VisualStudioVersion = 17.2.32630.192
MinimumVisualStudioVersion = 10.0.40219.1
Project("{9A19103F-16F7-4668-BE54-9A1E7A4F7556}") = "R5T.T0184.Construction", "R5T.T0184.Construction\R5T.T0184.Construction.csproj", "{4FE3DC70-96DA-4F37-AD6C-4EAA85AC468A}"
EndProject
Project("{9A19103F-16F7-4668-BE54-9A1E7A4F7556}") = "R5T.T0184", "R5T.T0184\R5T.T0184.csproj", "{EE9C924D-9BD0-45EA-94AC-0D4BDEE6FB78}"
EndProject
Project("{2150E333-8FDC-42A3-9474-1A3956D46DE8}") = "_Dependencies", "_Dependencies", "{FD4DD29D-ADC2-415D-BE4E-D6C70DAD623C}"
EndProject
Project("{9A19103F-16F7-4668-BE54-9A1E7A4F7556}") = "R5T.T0132", "..\..\R5T.T0132\source\R5T.T0132\R5T.T0132.csproj", "{CF95DD1B-F3A8-4B85-B4D7-7C4B23D4CB46}"
EndProject
Project("{9A19103F-16F7-4668-BE54-9A1E7A4F7556}") = "R5T.T0143", "..\..\R5T.T0143\source\R5T.T0143\R5T.T0143.csproj", "{14818FBD-253B-4A12-80DD-A61075ECC155}"
EndProject
Project("{9A19103F-16F7-4668-BE54-9A1E7A4F7556}") = "R5T.T0178", "..\..\R5T.T0178\source\R5T.T0178\R5T.T0178.csproj", "{AE6F0A0F-FDF7-4838-A70F-86780F44755B}"
EndProject
Project("{9A19103F-16F7-4668-BE54-9A1E7A4F7556}") = "R5T.T0179", "..\..\R5T.T0179\source\R5T.T0179\R5T.T0179.csproj", "{F7F965C7-BEB3-4A7E-8533-6E283B271597}"
EndProject
Global
	GlobalSection(NestedProjects) = preSolution
		{CF95DD1B-F3A8-4B85-B4D7-7C4B23D4CB46} = {FD4DD29D-ADC2-415D-BE4E-D6C70DAD623C}
		{14818FBD-253B-4A12-80DD-A61075ECC155} = {FD4DD29D-ADC2-415D-BE4E-D6C70DAD623C}
		{AE6F0A0F-FDF7-4838-A70F-86780F44755B} = {FD4DD29D-ADC2-415D-BE4E-D6C70DAD623C}
		{F7F965C7-BEB3-4A7E-8533-6E283B271597} = {FD4DD29D-ADC2-415D-BE4E-D6C70DAD623C}
	EndGlobalSection
	GlobalSection(SolutionConfigurationPlatforms) = preSolution
		Debug|Any CPU = Debug|Any CPU
		Release|Any CPU = Release|Any CPU
	EndGlobalSection
	GlobalSection(ProjectConfigurationPlatforms) = postSolution
		{4FE3DC70-96DA-4F37-AD6C-4EAA85AC468A}.Debug|Any CPU.ActiveCfg = Debug|Any CPU
		{4FE3DC70-96DA-4F37-AD6C-4EAA85AC468A}.Debug|Any CPU.Build.0 = Debug|Any CPU
		{4FE3DC70-96DA-4F37-AD6C-4EAA85AC468A}.Release|Any CPU.ActiveCfg = Release|Any CPU
		{4FE3DC70-96DA-4F37-AD6C-4EAA85AC468A}.Release|Any CPU.Build.0 = Release|Any CPU
		{EE9C924D-9BD0-45EA-94AC-0D4BDEE6FB78}.Debug|Any CPU.ActiveCfg = Debug|Any CPU
		{EE9C924D-9BD0-45EA-94AC-0D4BDEE6FB78}.Debug|Any CPU.Build.0 = Debug|Any CPU
		{EE9C924D-9BD0-45EA-94AC-0D4BDEE6FB78}.Release|Any CPU.ActiveCfg = Release|Any CPU
		{EE9C924D-9BD0-45EA-94AC-0D4BDEE6FB78}.Release|Any CPU.Build.0 = Release|Any CPU
		{CF95DD1B-F3A8-4B85-B4D7-7C4B23D4CB46}.Debug|Any CPU.ActiveCfg = Debug|Any CPU
		{CF95DD1B-F3A8-4B85-B4D7-7C4B23D4CB46}.Debug|Any CPU.Build.0 = Debug|Any CPU
		{CF95DD1B-F3A8-4B85-B4D7-7C4B23D4CB46}.Release|Any CPU.ActiveCfg = Release|Any CPU
		{CF95DD1B-F3A8-4B85-B4D7-7C4B23D4CB46}.Release|Any CPU.Build.0 = Release|Any CPU
		{14818FBD-253B-4A12-80DD-A61075ECC155}.Debug|Any CPU.ActiveCfg = Debug|Any CPU
		{14818FBD-253B-4A12-80DD-A61075ECC155}.Debug|Any CPU.Build.0 = Debug|Any CPU
		{14818FBD-253B-4A12-80DD-A61075ECC155}.Release|Any CPU.ActiveCfg = Release|Any CPU
		{14818FBD-253B-4A12-80DD-A61075ECC155}.Release|Any CPU.Build.0 = Release|Any CPU
		{AE6F0A0F-FDF7-4838-A70F-86780F44755B}.Debug|Any CPU.ActiveCfg = Debug|Any CPU
		{AE6F0A0F-FDF7-4838-A70F-86780F44755B}.Debug|Any CPU.Build.0 = Debug|Any CPU
		{AE6F0A0F-FDF7-4838-A70F-86780F44755B}.Release|Any CPU.ActiveCfg = Release|Any CPU
		{AE6F0A0F-FDF7-4838-A70F-86780F44755B}.Release|Any CPU.Build.0 = Release|Any CPU
		{F7F965C7-BEB3-4A7E-8533-6E283B271597}.Debug|Any CPU.ActiveCfg = Debug|Any CPU
		{F7F965C7-BEB3-4A7E-8533-6E283B271597}.Debug|Any CPU.Build.0 = Debug|Any CPU
		{F7F965C7-BEB3-4A7E-8533-6E283B271597}.Release|Any CPU.ActiveCfg = Release|Any CPU
		{F7F965C7-BEB3-4A7E-8533-6E283B271597}.Release|Any CPU.Build.0 = Release|Any CPU
	EndGlobalSection
	GlobalSection(SolutionProperties) = preSolution
		HideSolutionNode = FALSE
	EndGlobalSection
	GlobalSection(ExtensibilityGlobals) = postSolution
		SolutionGuid = {B396A9FA-ED7A-4C0A-8BF0-4EAEF96846AA}
	EndGlobalSection
EndGlobal
